
Microsoft Visual Studio Solution File, Format Version 12.00
# Visual Studio 2012
Project("{FAE04EC0-301F-11D3-BF4B-00C04F79EFBC}") = "FormsTest.Android", "FormsTest.Android\FormsTest.Android.csproj", "{F3A356E7-6B9F-4C58-B1C0-592DBC644F34}"
EndProject
Project("{FAE04EC0-301F-11D3-BF4B-00C04F79EFBC}") = "FormsTest.iOS", "FormsTest.iOS\FormsTest.iOS.csproj", "{80D82E90-F482-4921-AA00-A14DF30F110E}"
EndProject
Project("{FAE04EC0-301F-11D3-BF4B-00C04F79EFBC}") = "FormsTest", "FormsTest\FormsTest.csproj", "{2DAFF188-D739-42E4-A32F-316448FED3C3}"
EndProject
Global
	GlobalSection(SolutionConfigurationPlatforms) = preSolution
		Debug|Any CPU = Debug|Any CPU
		Release|Any CPU = Release|Any CPU
		Debug|iPhoneSimulator = Debug|iPhoneSimulator
		Release|iPhoneSimulator = Release|iPhoneSimulator
		Debug|iPhone = Debug|iPhone
		Release|iPhone = Release|iPhone
		Ad-Hoc|iPhone = Ad-Hoc|iPhone
		AppStore|iPhone = AppStore|iPhone
	EndGlobalSection
	GlobalSection(ProjectConfigurationPlatforms) = postSolution
		{F3A356E7-6B9F-4C58-B1C0-592DBC644F34}.Debug|Any CPU.ActiveCfg = Debug|Any CPU
		{F3A356E7-6B9F-4C58-B1C0-592DBC644F34}.Debug|Any CPU.Build.0 = Debug|Any CPU
		{F3A356E7-6B9F-4C58-B1C0-592DBC644F34}.Release|Any CPU.ActiveCfg = Release|Any CPU
		{F3A356E7-6B9F-4C58-B1C0-592DBC644F34}.Release|Any CPU.Build.0 = Release|Any CPU
		{F3A356E7-6B9F-4C58-B1C0-592DBC644F34}.Debug|iPhoneSimulator.ActiveCfg = Debug|Any CPU
		{F3A356E7-6B9F-4C58-B1C0-592DBC644F34}.Debug|iPhoneSimulator.Build.0 = Debug|Any CPU
		{F3A356E7-6B9F-4C58-B1C0-592DBC644F34}.Release|iPhoneSimulator.ActiveCfg = Release|Any CPU
		{F3A356E7-6B9F-4C58-B1C0-592DBC644F34}.Release|iPhoneSimulator.Build.0 = Release|Any CPU
		{F3A356E7-6B9F-4C58-B1C0-592DBC644F34}.Debug|iPhone.ActiveCfg = Debug|Any CPU
		{F3A356E7-6B9F-4C58-B1C0-592DBC644F34}.Debug|iPhone.Build.0 = Debug|Any CPU
		{F3A356E7-6B9F-4C58-B1C0-592DBC644F34}.Release|iPhone.ActiveCfg = Release|Any CPU
		{F3A356E7-6B9F-4C58-B1C0-592DBC644F34}.Release|iPhone.Build.0 = Release|Any CPU
		{F3A356E7-6B9F-4C58-B1C0-592DBC644F34}.Ad-Hoc|iPhone.ActiveCfg = Debug|Any CPU
		{F3A356E7-6B9F-4C58-B1C0-592DBC644F34}.Ad-Hoc|iPhone.Build.0 = Debug|Any CPU
		{F3A356E7-6B9F-4C58-B1C0-592DBC644F34}.AppStore|iPhone.ActiveCfg = Debug|Any CPU
		{F3A356E7-6B9F-4C58-B1C0-592DBC644F34}.AppStore|iPhone.Build.0 = Debug|Any CPU
		{80D82E90-F482-4921-AA00-A14DF30F110E}.Debug|Any CPU.ActiveCfg = Debug|iPhoneSimulator
		{80D82E90-F482-4921-AA00-A14DF30F110E}.Debug|Any CPU.Build.0 = Debug|iPhoneSimulator
		{80D82E90-F482-4921-AA00-A14DF30F110E}.Release|Any CPU.ActiveCfg = Release|iPhoneSimulator
		{80D82E90-F482-4921-AA00-A14DF30F110E}.Release|Any CPU.Build.0 = Release|iPhoneSimulator
		{80D82E90-F482-4921-AA00-A14DF30F110E}.Debug|iPhoneSimulator.ActiveCfg = Debug|iPhoneSimulator
		{80D82E90-F482-4921-AA00-A14DF30F110E}.Debug|iPhoneSimulator.Build.0 = Debug|iPhoneSimulator
		{80D82E90-F482-4921-AA00-A14DF30F110E}.Release|iPhoneSimulator.ActiveCfg = Release|iPhoneSimulator
		{80D82E90-F482-4921-AA00-A14DF30F110E}.Release|iPhoneSimulator.Build.0 = Release|iPhoneSimulator
		{80D82E90-F482-4921-AA00-A14DF30F110E}.Debug|iPhone.ActiveCfg = Debug|iPhone
		{80D82E90-F482-4921-AA00-A14DF30F110E}.Debug|iPhone.Build.0 = Debug|iPhone
		{80D82E90-F482-4921-AA00-A14DF30F110E}.Release|iPhone.ActiveCfg = Release|iPhone
		{80D82E90-F482-4921-AA00-A14DF30F110E}.Release|iPhone.Build.0 = Release|iPhone
		{80D82E90-F482-4921-AA00-A14DF30F110E}.Ad-Hoc|iPhone.ActiveCfg = Ad-Hoc|iPhone
		{80D82E90-F482-4921-AA00-A14DF30F110E}.Ad-Hoc|iPhone.Build.0 = Ad-Hoc|iPhone
		{80D82E90-F482-4921-AA00-A14DF30F110E}.AppStore|iPhone.ActiveCfg = AppStore|iPhone
		{80D82E90-F482-4921-AA00-A14DF30F110E}.AppStore|iPhone.Build.0 = AppStore|iPhone
		{2DAFF188-D739-42E4-A32F-316448FED3C3}.Debug|Any CPU.ActiveCfg = Debug|Any CPU
		{2DAFF188-D739-42E4-A32F-316448FED3C3}.Debug|Any CPU.Build.0 = Debug|Any CPU
		{2DAFF188-D739-42E4-A32F-316448FED3C3}.Release|Any CPU.ActiveCfg = Release|Any CPU
		{2DAFF188-D739-42E4-A32F-316448FED3C3}.Release|Any CPU.Build.0 = Release|Any CPU
		{2DAFF188-D739-42E4-A32F-316448FED3C3}.Debug|iPhoneSimulator.ActiveCfg = Debug|Any CPU
		{2DAFF188-D739-42E4-A32F-316448FED3C3}.Debug|iPhoneSimulator.Build.0 = Debug|Any CPU
		{2DAFF188-D739-42E4-A32F-316448FED3C3}.Release|iPhoneSimulator.ActiveCfg = Release|Any CPU
		{2DAFF188-D739-42E4-A32F-316448FED3C3}.Release|iPhoneSimulator.Build.0 = Release|Any CPU
		{2DAFF188-D739-42E4-A32F-316448FED3C3}.Debug|iPhone.ActiveCfg = Debug|Any CPU
		{2DAFF188-D739-42E4-A32F-316448FED3C3}.Debug|iPhone.Build.0 = Debug|Any CPU
		{2DAFF188-D739-42E4-A32F-316448FED3C3}.Release|iPhone.ActiveCfg = Release|Any CPU
		{2DAFF188-D739-42E4-A32F-316448FED3C3}.Release|iPhone.Build.0 = Release|Any CPU
		{2DAFF188-D739-42E4-A32F-316448FED3C3}.Ad-Hoc|iPhone.ActiveCfg = Debug|Any CPU
		{2DAFF188-D739-42E4-A32F-316448FED3C3}.Ad-Hoc|iPhone.Build.0 = Debug|Any CPU
		{2DAFF188-D739-42E4-A32F-316448FED3C3}.AppStore|iPhone.ActiveCfg = Debug|Any CPU
		{2DAFF188-D739-42E4-A32F-316448FED3C3}.AppStore|iPhone.Build.0 = Debug|Any CPU
	EndGlobalSection
EndGlobal
